
Microsoft Visual Studio Solution File, Format Version 12.00
# Visual Studio Version 17
VisualStudioVersion = 17.3.32825.248
MinimumVisualStudioVersion = 10.0.40219.1
Project("{9A19103F-16F7-4668-BE54-9A1E7A4F7556}") = "Assignment2BySobiaBashir", "Assignment2BySobiaBashir.csproj", "{CD6EEDE3-4AD2-414B-83C5-786AA9E16FB4}"
EndProject
Project("{2150E333-8FDC-42A3-9474-1A3956D46DE8}") = "Solution Items", "Solution Items", "{CC630653-CAF8-4D62-A3A9-49A9DFA1CCDC}"
	ProjectSection(SolutionItems) = preProject
		CelciusFromForenheit.cs = CelciusFromForenheit.cs
		Input.cs = Input.cs
		MathsOperation.cs = MathsOperation.cs
		Scheduler.cs = Scheduler.cs
		StringOperationscs.cs = StringOperationscs.cs
		TemperatureConverter.cs = TemperatureConverter.cs
	EndProjectSection
EndProject
Global
	GlobalSection(SolutionConfigurationPlatforms) = preSolution
		Debug|Any CPU = Debug|Any CPU
		Release|Any CPU = Release|Any CPU
	EndGlobalSection
	GlobalSection(ProjectConfigurationPlatforms) = postSolution
		{CD6EEDE3-4AD2-414B-83C5-786AA9E16FB4}.Debug|Any CPU.ActiveCfg = Debug|Any CPU
		{CD6EEDE3-4AD2-414B-83C5-786AA9E16FB4}.Debug|Any CPU.Build.0 = Debug|Any CPU
		{CD6EEDE3-4AD2-414B-83C5-786AA9E16FB4}.Release|Any CPU.ActiveCfg = Release|Any CPU
		{CD6EEDE3-4AD2-414B-83C5-786AA9E16FB4}.Release|Any CPU.Build.0 = Release|Any CPU
	EndGlobalSection
	GlobalSection(SolutionProperties) = preSolution
		HideSolutionNode = FALSE
	EndGlobalSection
	GlobalSection(ExtensibilityGlobals) = postSolution
		SolutionGuid = {14A2A498-328F-470C-8BEE-1E897F37C5A9}
	EndGlobalSection
EndGlobal
